
Microsoft Visual Studio Solution File, Format Version 12.00
# Visual Studio Express 15 for Windows Desktop
VisualStudioVersion = 15.0.27703.2047
MinimumVisualStudioVersion = 10.0.40219.1
Project("{FAE04EC0-301F-11D3-BF4B-00C04F79EFBC}") = "LibraryManagementSystem", "LibraryManagementSystem\LibraryManagementSystem.csproj", "{1554F0BB-69B7-4E06-8ACC-7E0DAD8EDA69}"
EndProject
Global
	GlobalSection(SolutionConfigurationPlatforms) = preSolution
		Debug|Any CPU = Debug|Any CPU
		Release|Any CPU = Release|Any CPU
	EndGlobalSection
	GlobalSection(ProjectConfigurationPlatforms) = postSolution
		{1554F0BB-69B7-4E06-8ACC-7E0DAD8EDA69}.Debug|Any CPU.ActiveCfg = Debug|Any CPU
		{1554F0BB-69B7-4E06-8ACC-7E0DAD8EDA69}.Debug|Any CPU.Build.0 = Debug|Any CPU
		{1554F0BB-69B7-4E06-8ACC-7E0DAD8EDA69}.Release|Any CPU.ActiveCfg = Release|Any CPU
		{1554F0BB-69B7-4E06-8ACC-7E0DAD8EDA69}.Release|Any CPU.Build.0 = Release|Any CPU
	EndGlobalSection
	GlobalSection(SolutionProperties) = preSolution
		HideSolutionNode = FALSE
	EndGlobalSection
	GlobalSection(ExtensibilityGlobals) = postSolution
		SolutionGuid = {BCE209B4-1AD0-4FD2-B763-2F285E1FFBD8}
	EndGlobalSection
EndGlobal
